
Microsoft Visual Studio Solution File, Format Version 12.00
# Visual Studio Version 17
VisualStudioVersion = 17.2.32616.157
MinimumVisualStudioVersion = 10.0.40219.1
Project("{FAE04EC0-301F-11D3-BF4B-00C04F79EFBC}") = "Demo.Web", "Demo.Web\Demo.Web.csproj", "{EB2FB60E-A010-4AA4-933D-B2EADC2FD9F8}"
EndProject
Global
	GlobalSection(SolutionConfigurationPlatforms) = preSolution
		Debug|Any CPU = Debug|Any CPU
		Release|Any CPU = Release|Any CPU
	EndGlobalSection
	GlobalSection(ProjectConfigurationPlatforms) = postSolution
		{EB2FB60E-A010-4AA4-933D-B2EADC2FD9F8}.Debug|Any CPU.ActiveCfg = Debug|Any CPU
		{EB2FB60E-A010-4AA4-933D-B2EADC2FD9F8}.Debug|Any CPU.Build.0 = Debug|Any CPU
		{EB2FB60E-A010-4AA4-933D-B2EADC2FD9F8}.Release|Any CPU.ActiveCfg = Release|Any CPU
		{EB2FB60E-A010-4AA4-933D-B2EADC2FD9F8}.Release|Any CPU.Build.0 = Release|Any CPU
	EndGlobalSection
	GlobalSection(SolutionProperties) = preSolution
		HideSolutionNode = FALSE
	EndGlobalSection
	GlobalSection(ExtensibilityGlobals) = postSolution
		SolutionGuid = {F68EC665-6586-40DA-A681-BE5B0ADBD732}
	EndGlobalSection
EndGlobal
